// !$*UTF8*$!
{
	archiveVersion = 1;
	classes = {
	};
	objectVersion = 56;
	objects = {

/* Begin PBXBuildFile section */
		621124E92BEE44C300E0FC9E /* play.json in Resources */ = {isa = PBXBuildFile; fileRef = 621124E82BEE44C300E0FC9E /* play.json */; };
		626FA91B2BEFBBEA001D84C4 /* Colors.swift in Sources */ = {isa = PBXBuildFile; fileRef = 626FA91A2BEFBBEA001D84C4 /* Colors.swift */; };
		626FA91D2BEFBE7E001D84C4 /* InitialValues.swift in Sources */ = {isa = PBXBuildFile; fileRef = 626FA91C2BEFBE7E001D84C4 /* InitialValues.swift */; };
		626FA9202BEFBFBC001D84C4 /* buttonFeedback.swift in Sources */ = {isa = PBXBuildFile; fileRef = 626FA91F2BEFBFBC001D84C4 /* buttonFeedback.swift */; };
		627185B62BE69A4000345F3D /* LoadRadioStationJSON.swift in Sources */ = {isa = PBXBuildFile; fileRef = 627185B52BE69A4000345F3D /* LoadRadioStationJSON.swift */; };
		627185BC2BE6A06B00345F3D /* PlayRadio.swift in Sources */ = {isa = PBXBuildFile; fileRef = 627185BB2BE6A06B00345F3D /* PlayRadio.swift */; };
		627185C02BE6AA3300345F3D /* PlayRadioTest.swift in Sources */ = {isa = PBXBuildFile; fileRef = 627185BF2BE6AA3300345F3D /* PlayRadioTest.swift */; };
		627185C12BE6ABE700345F3D /* PlayRadio.swift in Sources */ = {isa = PBXBuildFile; fileRef = 627185BB2BE6A06B00345F3D /* PlayRadio.swift */; };
		627492C02BEDE9D200696A97 /* music-equalizer.json in Resources */ = {isa = PBXBuildFile; fileRef = 627492BF2BEDE9D200696A97 /* music-equalizer.json */; };
		62815A852E6594F000154571 /* Nueva estructura de archivos.rtf in Resources */ = {isa = PBXBuildFile; fileRef = 62815A842E6594F000154571 /* Nueva estructura de archivos.rtf */; };
		62815A892E65959D00154571 /* RadioStation.swift in Sources */ = {isa = PBXBuildFile; fileRef = 62815A882E65959D00154571 /* RadioStation.swift */; };
		62815A8E2E6596E300154571 /* APIClient.swift in Sources */ = {isa = PBXBuildFile; fileRef = 62815A8D2E6596E300154571 /* APIClient.swift */; };
		62815A902E65970E00154571 /* Endpoints.swift in Sources */ = {isa = PBXBuildFile; fileRef = 62815A8F2E65970E00154571 /* Endpoints.swift */; };
		62815A932E65977000154571 /* Extensions.swift in Sources */ = {isa = PBXBuildFile; fileRef = 62815A922E65977000154571 /* Extensions.swift */; };
		62815A952E6597A400154571 /* Helpers.swift in Sources */ = {isa = PBXBuildFile; fileRef = 62815A942E6597A400154571 /* Helpers.swift */; };
		62815A9D2E65999A00154571 /* MainViewModel.swift in Sources */ = {isa = PBXBuildFile; fileRef = 62815A9C2E65999A00154571 /* MainViewModel.swift */; };
		62815A9F2E659A6200154571 /* PlayerViewModel.swift in Sources */ = {isa = PBXBuildFile; fileRef = 62815A9E2E659A6200154571 /* PlayerViewModel.swift */; };
		628311C52BEF2E61007BD9E2 /* play2.gif in Resources */ = {isa = PBXBuildFile; fileRef = 628311C42BEF2E61007BD9E2 /* play2.gif */; };
		6283FFAC2BE4EDF500DA6626 /* TV_SVT_RadioApp.swift in Sources */ = {isa = PBXBuildFile; fileRef = 6283FFAB2BE4EDF500DA6626 /* TV_SVT_RadioApp.swift */; };
		6283FFAE2BE4EDF500DA6626 /* MainView.swift in Sources */ = {isa = PBXBuildFile; fileRef = 6283FFAD2BE4EDF500DA6626 /* MainView.swift */; };
		6283FFB02BE4EDF800DA6626 /* Assets.xcassets in Resources */ = {isa = PBXBuildFile; fileRef = 6283FFAF2BE4EDF800DA6626 /* Assets.xcassets */; };
		6283FFBD2BE4EDF800DA6626 /* TV_SVT_RadioTests.swift in Sources */ = {isa = PBXBuildFile; fileRef = 6283FFBC2BE4EDF800DA6626 /* TV_SVT_RadioTests.swift */; };
		6283FFC72BE4EDF800DA6626 /* TV_SVT_RadioUITests.swift in Sources */ = {isa = PBXBuildFile; fileRef = 6283FFC62BE4EDF800DA6626 /* TV_SVT_RadioUITests.swift */; };
		6283FFC92BE4EDF800DA6626 /* TV_SVT_RadioUITestsLaunchTests.swift in Sources */ = {isa = PBXBuildFile; fileRef = 6283FFC82BE4EDF800DA6626 /* TV_SVT_RadioUITestsLaunchTests.swift */; };
		6283FFD72BE4EE8A00DA6626 /* radios23.json in Resources */ = {isa = PBXBuildFile; fileRef = 6283FFD62BE4EE8A00DA6626 /* radios23.json */; };
		6283FFDB2BE4EF0300DA6626 /* LoadRadioStationJSONFile.swift in Sources */ = {isa = PBXBuildFile; fileRef = 6283FFDA2BE4EF0300DA6626 /* LoadRadioStationJSONFile.swift */; };
		629FBCC32E6A194B00D26A56 /* Lottie in Frameworks */ = {isa = PBXBuildFile; productRef = 629FBCC22E6A194B00D26A56 /* Lottie */; };
		629FBCC52E6A196C00D26A56 /* CachedAsyncImage in Frameworks */ = {isa = PBXBuildFile; productRef = 629FBCC42E6A196C00D26A56 /* CachedAsyncImage */; };
		629FBCC72E6A199000D26A56 /* CachedAsyncImage in Frameworks */ = {isa = PBXBuildFile; productRef = 629FBCC62E6A199000D26A56 /* CachedAsyncImage */; };
		629FBCC92E6A19A600D26A56 /* Lottie in Frameworks */ = {isa = PBXBuildFile; productRef = 629FBCC82E6A19A600D26A56 /* Lottie */; };
		629FBCCB2E6A19F600D26A56 /* Lottie in Frameworks */ = {isa = PBXBuildFile; productRef = 629FBCCA2E6A19F600D26A56 /* Lottie */; };
		629FBCCD2E6A1A1400D26A56 /* CachedAsyncImage in Frameworks */ = {isa = PBXBuildFile; productRef = 629FBCCC2E6A1A1400D26A56 /* CachedAsyncImage */; };
		AA0000012BE6000000000001 /* APIClientTests.swift in Sources */ = {isa = PBXBuildFile; fileRef = AA0000012BE6000000000002 /* APIClientTests.swift */; };
		AA0000012BE6000000000003 /* MainViewModelTests.swift in Sources */ = {isa = PBXBuildFile; fileRef = AA0000012BE6000000000004 /* MainViewModelTests.swift */; };
/* End PBXBuildFile section */

/* Begin PBXContainerItemProxy section */
		6283FFB92BE4EDF800DA6626 /* PBXContainerItemProxy */ = {
			isa = PBXContainerItemProxy;
			containerPortal = 6283FFA02BE4EDF500DA6626 /* Project object */;
			proxyType = 1;
			remoteGlobalIDString = 6283FFA72BE4EDF500DA6626;
			remoteInfo = TV_SVT_Radio;
		};
		6283FFC32BE4EDF800DA6626 /* PBXContainerItemProxy */ = {
			isa = PBXContainerItemProxy;
			containerPortal = 6283FFA02BE4EDF500DA6626 /* Project object */;
			proxyType = 1;
			remoteGlobalIDString = 6283FFA72BE4EDF500DA6626;
			remoteInfo = TV_SVT_Radio;
		};
/* End PBXContainerItemProxy section */

/* Begin PBXFileReference section */
		621124E82BEE44C300E0FC9E /* play.json */ = {isa = PBXFileReference; fileEncoding = 4; lastKnownFileType = text.json; path = play.json; sourceTree = "<group>"; };
		626FA91A2BEFBBEA001D84C4 /* Colors.swift */ = {isa = PBXFileReference; fileEncoding = 4; lastKnownFileType = sourcecode.swift; path = Colors.swift; sourceTree = "<group>"; };
		626FA91C2BEFBE7E001D84C4 /* InitialValues.swift */ = {isa = PBXFileReference; lastKnownFileType = sourcecode.swift; path = InitialValues.swift; sourceTree = "<group>"; };
		626FA91F2BEFBFBC001D84C4 /* buttonFeedback.swift */ = {isa = PBXFileReference; lastKnownFileType = sourcecode.swift; path = buttonFeedback.swift; sourceTree = "<group>"; };
		627185B52BE69A4000345F3D /* LoadRadioStationJSON.swift */ = {isa = PBXFileReference; lastKnownFileType = sourcecode.swift; path = LoadRadioStationJSON.swift; sourceTree = "<group>"; };
		627185BB2BE6A06B00345F3D /* PlayRadio.swift */ = {isa = PBXFileReference; lastKnownFileType = sourcecode.swift; path = PlayRadio.swift; sourceTree = "<group>"; };
		627185BD2BE6A3BC00345F3D /* TV-SVT-Radio-Info.plist */ = {isa = PBXFileReference; lastKnownFileType = text.plist.xml; name = "TV-SVT-Radio-Info.plist"; path = "TV_SVT_Radio/Resources/TV-SVT-Radio-Info.plist"; sourceTree = SOURCE_ROOT; };
		627185BF2BE6AA3300345F3D /* PlayRadioTest.swift */ = {isa = PBXFileReference; lastKnownFileType = sourcecode.swift; path = PlayRadioTest.swift; sourceTree = "<group>"; };
		627492BF2BEDE9D200696A97 /* music-equalizer.json */ = {isa = PBXFileReference; fileEncoding = 4; lastKnownFileType = text.json; path = "music-equalizer.json"; sourceTree = "<group>"; };
		62815A842E6594F000154571 /* Nueva estructura de archivos.rtf */ = {isa = PBXFileReference; lastKnownFileType = text.rtf; path = "Nueva estructura de archivos.rtf"; sourceTree = "<group>"; };
		62815A882E65959D00154571 /* RadioStation.swift */ = {isa = PBXFileReference; lastKnownFileType = sourcecode.swift; path = RadioStation.swift; sourceTree = "<group>"; };
		62815A8D2E6596E300154571 /* APIClient.swift */ = {isa = PBXFileReference; lastKnownFileType = sourcecode.swift; path = APIClient.swift; sourceTree = "<group>"; };
		62815A8F2E65970E00154571 /* Endpoints.swift */ = {isa = PBXFileReference; lastKnownFileType = sourcecode.swift; path = Endpoints.swift; sourceTree = "<group>"; };
		62815A922E65977000154571 /* Extensions.swift */ = {isa = PBXFileReference; lastKnownFileType = sourcecode.swift; path = Extensions.swift; sourceTree = "<group>"; };
		62815A942E6597A400154571 /* Helpers.swift */ = {isa = PBXFileReference; lastKnownFileType = sourcecode.swift; path = Helpers.swift; sourceTree = "<group>"; };
		62815A9C2E65999A00154571 /* MainViewModel.swift */ = {isa = PBXFileReference; lastKnownFileType = sourcecode.swift; path = MainViewModel.swift; sourceTree = "<group>"; };
		62815A9E2E659A6200154571 /* PlayerViewModel.swift */ = {isa = PBXFileReference; lastKnownFileType = sourcecode.swift; path = PlayerViewModel.swift; sourceTree = "<group>"; };
		628311C22BEF2E45007BD9E2 /* play1.lottie */ = {isa = PBXFileReference; lastKnownFileType = file; path = play1.lottie; sourceTree = "<group>"; };
		628311C42BEF2E61007BD9E2 /* play2.gif */ = {isa = PBXFileReference; lastKnownFileType = image.gif; path = play2.gif; sourceTree = "<group>"; };
		6283FFAB2BE4EDF500DA6626 /* TV_SVT_RadioApp.swift */ = {isa = PBXFileReference; lastKnownFileType = sourcecode.swift; path = TV_SVT_RadioApp.swift; sourceTree = "<group>"; };
		6283FFAD2BE4EDF500DA6626 /* MainView.swift */ = {isa = PBXFileReference; lastKnownFileType = sourcecode.swift; path = MainView.swift; sourceTree = "<group>"; };
		6283FFAF2BE4EDF800DA6626 /* Assets.xcassets */ = {isa = PBXFileReference; lastKnownFileType = folder.assetcatalog; path = Assets.xcassets; sourceTree = "<group>"; };
		6283FFBC2BE4EDF800DA6626 /* TV_SVT_RadioTests.swift */ = {isa = PBXFileReference; lastKnownFileType = sourcecode.swift; path = TV_SVT_RadioTests.swift; sourceTree = "<group>"; };
		6283FFC62BE4EDF800DA6626 /* TV_SVT_RadioUITests.swift */ = {isa = PBXFileReference; lastKnownFileType = sourcecode.swift; path = TV_SVT_RadioUITests.swift; sourceTree = "<group>"; };
		6283FFC82BE4EDF800DA6626 /* TV_SVT_RadioUITestsLaunchTests.swift */ = {isa = PBXFileReference; lastKnownFileType = sourcecode.swift; path = TV_SVT_RadioUITestsLaunchTests.swift; sourceTree = "<group>"; };
		6283FFD62BE4EE8A00DA6626 /* radios23.json */ = {isa = PBXFileReference; fileEncoding = 4; lastKnownFileType = text.json; path = radios23.json; sourceTree = "<group>"; };
		6283FFDA2BE4EF0300DA6626 /* LoadRadioStationJSONFile.swift */ = {isa = PBXFileReference; fileEncoding = 4; lastKnownFileType = sourcecode.swift; path = LoadRadioStationJSONFile.swift; sourceTree = "<group>"; };
		629FBCBB2E6A06AA00D26A56 /* TV_SVT_Radio.app */ = {isa = PBXFileReference; explicitFileType = wrapper.application; includeInIndex = 0; path = TV_SVT_Radio.app; sourceTree = BUILT_PRODUCTS_DIR; };
		629FBCBC2E6A06AA00D26A56 /* TV_SVT_RadioTests.xctest */ = {isa = PBXFileReference; explicitFileType = wrapper.cfbundle; includeInIndex = 0; path = TV_SVT_RadioTests.xctest; sourceTree = BUILT_PRODUCTS_DIR; };
		629FBCBD2E6A06AA00D26A56 /* TV_SVT_RadioUITests.xctest */ = {isa = PBXFileReference; explicitFileType = wrapper.cfbundle; includeInIndex = 0; path = TV_SVT_RadioUITests.xctest; sourceTree = BUILT_PRODUCTS_DIR; };
		AA0000012BE6000000000002 /* APIClientTests.swift */ = {isa = PBXFileReference; lastKnownFileType = sourcecode.swift; path = APIClientTests.swift; sourceTree = "<group>"; };
		AA0000012BE6000000000004 /* MainViewModelTests.swift */ = {isa = PBXFileReference; lastKnownFileType = sourcecode.swift; path = MainViewModelTests.swift; sourceTree = "<group>"; };
/* End PBXFileReference section */

/* Begin PBXFrameworksBuildPhase section */
		6283FFA52BE4EDF500DA6626 /* Frameworks */ = {
			isa = PBXFrameworksBuildPhase;
			buildActionMask = 2147483647;
			files = (
				629FBCCB2E6A19F600D26A56 /* Lottie in Frameworks */,
				629FBCCD2E6A1A1400D26A56 /* CachedAsyncImage in Frameworks */,
			);
			runOnlyForDeploymentPostprocessing = 0;
		};
		6283FFB52BE4EDF800DA6626 /* Frameworks */ = {
			isa = PBXFrameworksBuildPhase;
			buildActionMask = 2147483647;
			files = (
				629FBCC72E6A199000D26A56 /* CachedAsyncImage in Frameworks */,
				629FBCC92E6A19A600D26A56 /* Lottie in Frameworks */,
			);
			runOnlyForDeploymentPostprocessing = 0;
		};
		6283FFBF2BE4EDF800DA6626 /* Frameworks */ = {
			isa = PBXFrameworksBuildPhase;
			buildActionMask = 2147483647;
			files = (
				629FBCC32E6A194B00D26A56 /* Lottie in Frameworks */,
				629FBCC52E6A196C00D26A56 /* CachedAsyncImage in Frameworks */,
			);
			runOnlyForDeploymentPostprocessing = 0;
		};
/* End PBXFrameworksBuildPhase section */

/* Begin PBXGroup section */
		621124E52BEE3D0200E0FC9E /* Frameworks */ = {
			isa = PBXGroup;
			children = (
			);
			name = Frameworks;
			sourceTree = "<group>";
		};
		626FA9182BEFBAAD001D84C4 /* animations */ = {
			isa = PBXGroup;
			children = (
				627492BF2BEDE9D200696A97 /* music-equalizer.json */,
				628311C42BEF2E61007BD9E2 /* play2.gif */,
				628311C22BEF2E45007BD9E2 /* play1.lottie */,
				621124E82BEE44C300E0FC9E /* play.json */,
			);
			path = animations;
			sourceTree = "<group>";
		};
		626FA91E2BEFBF9A001D84C4 /* Views */ = {
			isa = PBXGroup;
			children = (
				6283FFAD2BE4EDF500DA6626 /* MainView.swift */,
				626FA91F2BEFBFBC001D84C4 /* buttonFeedback.swift */,
			);
			path = Views;
			sourceTree = "<group>";
		};
		62815A7F2E65929100154571 /* Resources */ = {
			isa = PBXGroup;
			children = (
				627185BD2BE6A3BC00345F3D /* TV-SVT-Radio-Info.plist */,
				6283FFAF2BE4EDF800DA6626 /* Assets.xcassets */,
				626FA9182BEFBAAD001D84C4 /* animations */,
			);
			path = Resources;
			sourceTree = "<group>";
		};
		62815A802E6592E000154571 /* Models */ = {
			isa = PBXGroup;
			children = (
				6283FFD62BE4EE8A00DA6626 /* radios23.json */,
				6283FFDA2BE4EF0300DA6626 /* LoadRadioStationJSONFile.swift */,
				627185BB2BE6A06B00345F3D /* PlayRadio.swift */,
			);
			path = Models;
			sourceTree = "<group>";
		};
		62815A812E6592EF00154571 /* ViewControllers */ = {
			isa = PBXGroup;
			children = (
				62815A9C2E65999A00154571 /* MainViewModel.swift */,
				62815A882E65959D00154571 /* RadioStation.swift */,
				62815A9E2E659A6200154571 /* PlayerViewModel.swift */,
			);
			path = ViewControllers;
			sourceTree = "<group>";
		};
		62815A822E65931800154571 /* Networking */ = {
			isa = PBXGroup;
			children = (
				62815A8D2E6596E300154571 /* APIClient.swift */,
				62815A8F2E65970E00154571 /* Endpoints.swift */,
			);
			path = Networking;
			sourceTree = "<group>";
		};
		62815A832E65932E00154571 /* Utils */ = {
			isa = PBXGroup;
			children = (
				62815A912E65975100154571 /* Originales */,
				62815A922E65977000154571 /* Extensions.swift */,
				62815A942E6597A400154571 /* Helpers.swift */,
			);
			path = Utils;
			sourceTree = "<group>";
		};
		62815A912E65975100154571 /* Originales */ = {
			isa = PBXGroup;
			children = (
				626FA91C2BEFBE7E001D84C4 /* InitialValues.swift */,
				626FA91A2BEFBBEA001D84C4 /* Colors.swift */,
			);
			path = Originales;
			sourceTree = "<group>";
		};
		6283FF9F2BE4EDF500DA6626 = {
			isa = PBXGroup;
			children = (
				62815A842E6594F000154571 /* Nueva estructura de archivos.rtf */,
				6283FFAB2BE4EDF500DA6626 /* TV_SVT_RadioApp.swift */,
				6283FFAA2BE4EDF500DA6626 /* TV_SVT_Radio */,
				6283FFBB2BE4EDF800DA6626 /* TV_SVT_RadioTests */,
				6283FFC52BE4EDF800DA6626 /* TV_SVT_RadioUITests */,
				621124E52BEE3D0200E0FC9E /* Frameworks */,
				629FBCBB2E6A06AA00D26A56 /* TV_SVT_Radio.app */,
				629FBCBC2E6A06AA00D26A56 /* TV_SVT_RadioTests.xctest */,
				629FBCBD2E6A06AA00D26A56 /* TV_SVT_RadioUITests.xctest */,
			);
			sourceTree = "<group>";
		};
		6283FFAA2BE4EDF500DA6626 /* TV_SVT_Radio */ = {
			isa = PBXGroup;
			children = (
				62815A7F2E65929100154571 /* Resources */,
				62815A802E6592E000154571 /* Models */,
				626FA91E2BEFBF9A001D84C4 /* Views */,
				62815A812E6592EF00154571 /* ViewControllers */,
				62815A822E65931800154571 /* Networking */,
				62815A832E65932E00154571 /* Utils */,
			);
			path = TV_SVT_Radio;
			sourceTree = "<group>";
		};
		6283FFBB2BE4EDF800DA6626 /* TV_SVT_RadioTests */ = {
			isa = PBXGroup;
			children = (
				6283FFBC2BE4EDF800DA6626 /* TV_SVT_RadioTests.swift */,
				627185B52BE69A4000345F3D /* LoadRadioStationJSON.swift */,
				627185BF2BE6AA3300345F3D /* PlayRadioTest.swift */,
				AA0000012BE6000000000002 /* APIClientTests.swift */,
				AA0000012BE6000000000004 /* MainViewModelTests.swift */,
			);
			path = TV_SVT_RadioTests;
			sourceTree = "<group>";
		};
		6283FFC52BE4EDF800DA6626 /* TV_SVT_RadioUITests */ = {
			isa = PBXGroup;
			children = (
				6283FFC62BE4EDF800DA6626 /* TV_SVT_RadioUITests.swift */,
				6283FFC82BE4EDF800DA6626 /* TV_SVT_RadioUITestsLaunchTests.swift */,
			);
			path = TV_SVT_RadioUITests;
			sourceTree = "<group>";
		};
/* End PBXGroup section */

/* Begin PBXNativeTarget section */
		6283FFA72BE4EDF500DA6626 /* TV_SVT_Radio */ = {
			isa = PBXNativeTarget;
			buildConfigurationList = 6283FFCC2BE4EDF800DA6626 /* Build configuration list for PBXNativeTarget "TV_SVT_Radio" */;
			buildPhases = (
				6283FFA42BE4EDF500DA6626 /* Sources */,
				6283FFA52BE4EDF500DA6626 /* Frameworks */,
				6283FFA62BE4EDF500DA6626 /* Resources */,
			);
			buildRules = (
			);
			dependencies = (
			);
			name = TV_SVT_Radio;
			packageProductDependencies = (
				629FBCCA2E6A19F600D26A56 /* Lottie */,
				629FBCCC2E6A1A1400D26A56 /* CachedAsyncImage */,
			);
			productName = TV_SVT_Radio;
			productReference = 629FBCBB2E6A06AA00D26A56 /* TV_SVT_Radio.app */;
			productType = "com.apple.product-type.application";
		};
		6283FFB72BE4EDF800DA6626 /* TV_SVT_RadioTests */ = {
			isa = PBXNativeTarget;
			buildConfigurationList = 6283FFCF2BE4EDF800DA6626 /* Build configuration list for PBXNativeTarget "TV_SVT_RadioTests" */;
			buildPhases = (
				6283FFB42BE4EDF800DA6626 /* Sources */,
				6283FFB52BE4EDF800DA6626 /* Frameworks */,
				6283FFB62BE4EDF800DA6626 /* Resources */,
			);
			buildRules = (
			);
			dependencies = (
				6283FFBA2BE4EDF800DA6626 /* PBXTargetDependency */,
			);
			name = TV_SVT_RadioTests;
			packageProductDependencies = (
				629FBCC62E6A199000D26A56 /* CachedAsyncImage */,
				629FBCC82E6A19A600D26A56 /* Lottie */,
			);
			productName = TV_SVT_RadioTests;
			productReference = 629FBCBC2E6A06AA00D26A56 /* TV_SVT_RadioTests.xctest */;
			productType = "com.apple.product-type.bundle.unit-test";
		};
		6283FFC12BE4EDF800DA6626 /* TV_SVT_RadioUITests */ = {
			isa = PBXNativeTarget;
			buildConfigurationList = 6283FFD22BE4EDF800DA6626 /* Build configuration list for PBXNativeTarget "TV_SVT_RadioUITests" */;
			buildPhases = (
				6283FFBE2BE4EDF800DA6626 /* Sources */,
				6283FFBF2BE4EDF800DA6626 /* Frameworks */,
				6283FFC02BE4EDF800DA6626 /* Resources */,
			);
			buildRules = (
			);
			dependencies = (
				6283FFC42BE4EDF800DA6626 /* PBXTargetDependency */,
			);
			name = TV_SVT_RadioUITests;
			packageProductDependencies = (
				629FBCC22E6A194B00D26A56 /* Lottie */,
				629FBCC42E6A196C00D26A56 /* CachedAsyncImage */,
			);
			productName = TV_SVT_RadioUITests;
			productReference = 629FBCBD2E6A06AA00D26A56 /* TV_SVT_RadioUITests.xctest */;
			productType = "com.apple.product-type.bundle.ui-testing";
		};
/* End PBXNativeTarget section */

/* Begin PBXProject section */
		6283FFA02BE4EDF500DA6626 /* Project object */ = {
			isa = PBXProject;
			attributes = {
				BuildIndependentTargetsInParallel = 1;
				LastSwiftUpdateCheck = 1430;
				LastUpgradeCheck = 1430;
				TargetAttributes = {
					6283FFA72BE4EDF500DA6626 = {
						CreatedOnToolsVersion = 14.3.1;
					};
					6283FFB72BE4EDF800DA6626 = {
						CreatedOnToolsVersion = 14.3.1;
						TestTargetID = 6283FFA72BE4EDF500DA6626;
					};
					6283FFC12BE4EDF800DA6626 = {
						CreatedOnToolsVersion = 14.3.1;
						TestTargetID = 6283FFA72BE4EDF500DA6626;
					};
				};
			};
			buildConfigurationList = 6283FFA32BE4EDF500DA6626 /* Build configuration list for PBXProject "TV_SVT_Radio" */;
			compatibilityVersion = "Xcode 14.0";
			developmentRegion = en;
			hasScannedForEncodings = 0;
			knownRegions = (
				en,
				Base,
			);
			mainGroup = 6283FF9F2BE4EDF500DA6626;
			packageReferences = (
				6283FFDC2BE4F05800DA6626 /* XCRemoteSwiftPackageReference "swiftui-cached-async-image" */,
				621124E42BEE3B1800E0FC9E /* XCRemoteSwiftPackageReference "lottie-spm" */,
			);
			productRefGroup = 6283FF9F2BE4EDF500DA6626;
			projectDirPath = "";
			projectRoot = "";
			targets = (
				6283FFA72BE4EDF500DA6626 /* TV_SVT_Radio */,
				6283FFB72BE4EDF800DA6626 /* TV_SVT_RadioTests */,
				6283FFC12BE4EDF800DA6626 /* TV_SVT_RadioUITests */,
			);
		};
/* End PBXProject section */

/* Begin PBXResourcesBuildPhase section */
		6283FFA62BE4EDF500DA6626 /* Resources */ = {
			isa = PBXResourcesBuildPhase;
			buildActionMask = 2147483647;
			files = (
				621124E92BEE44C300E0FC9E /* play.json in Resources */,
				627492C02BEDE9D200696A97 /* music-equalizer.json in Resources */,
				62815A852E6594F000154571 /* Nueva estructura de archivos.rtf in Resources */,
				6283FFD72BE4EE8A00DA6626 /* radios23.json in Resources */,
				6283FFB02BE4EDF800DA6626 /* Assets.xcassets in Resources */,
				628311C52BEF2E61007BD9E2 /* play2.gif in Resources */,
			);
			runOnlyForDeploymentPostprocessing = 0;
		};
		6283FFB62BE4EDF800DA6626 /* Resources */ = {
			isa = PBXResourcesBuildPhase;
			buildActionMask = 2147483647;
			files = (
			);
			runOnlyForDeploymentPostprocessing = 0;
		};
		6283FFC02BE4EDF800DA6626 /* Resources */ = {
			isa = PBXResourcesBuildPhase;
			buildActionMask = 2147483647;
			files = (
			);
			runOnlyForDeploymentPostprocessing = 0;
		};
/* End PBXResourcesBuildPhase section */

/* Begin PBXSourcesBuildPhase section */
		6283FFA42BE4EDF500DA6626 /* Sources */ = {
			isa = PBXSourcesBuildPhase;
			buildActionMask = 2147483647;
			files = (
				626FA9202BEFBFBC001D84C4 /* buttonFeedback.swift in Sources */,
				62815A902E65970E00154571 /* Endpoints.swift in Sources */,
				626FA91B2BEFBBEA001D84C4 /* Colors.swift in Sources */,
				627185BC2BE6A06B00345F3D /* PlayRadio.swift in Sources */,
				6283FFDB2BE4EF0300DA6626 /* LoadRadioStationJSONFile.swift in Sources */,
				626FA91D2BEFBE7E001D84C4 /* InitialValues.swift in Sources */,
				62815A9F2E659A6200154571 /* PlayerViewModel.swift in Sources */,
				6283FFAE2BE4EDF500DA6626 /* MainView.swift in Sources */,
				62815A892E65959D00154571 /* RadioStation.swift in Sources */,
				6283FFAC2BE4EDF500DA6626 /* TV_SVT_RadioApp.swift in Sources */,
				62815A8E2E6596E300154571 /* APIClient.swift in Sources */,
				62815A952E6597A400154571 /* Helpers.swift in Sources */,
				62815A932E65977000154571 /* Extensions.swift in Sources */,
				62815A9D2E65999A00154571 /* MainViewModel.swift in Sources */,
			);
			runOnlyForDeploymentPostprocessing = 0;
		};
		6283FFB42BE4EDF800DA6626 /* Sources */ = {
			isa = PBXSourcesBuildPhase;
			buildActionMask = 2147483647;
			files = (
				627185B62BE69A4000345F3D /* LoadRadioStationJSON.swift in Sources */,
				627185C02BE6AA3300345F3D /* PlayRadioTest.swift in Sources */,
				6283FFBD2BE4EDF800DA6626 /* TV_SVT_RadioTests.swift in Sources */,
				627185C12BE6ABE700345F3D /* PlayRadio.swift in Sources */,
				AA0000012BE6000000000001 /* APIClientTests.swift in Sources */,
				AA0000012BE6000000000003 /* MainViewModelTests.swift in Sources */,
			);
			runOnlyForDeploymentPostprocessing = 0;
		};
		6283FFBE2BE4EDF800DA6626 /* Sources */ = {
			isa = PBXSourcesBuildPhase;
			buildActionMask = 2147483647;
			files = (
				6283FFC92BE4EDF800DA6626 /* TV_SVT_RadioUITestsLaunchTests.swift in Sources */,
				6283FFC72BE4EDF800DA6626 /* TV_SVT_RadioUITests.swift in Sources */,
			);
			runOnlyForDeploymentPostprocessing = 0;
		};
/* End PBXSourcesBuildPhase section */

/* Begin PBXTargetDependency section */
		6283FFBA2BE4EDF800DA6626 /* PBXTargetDependency */ = {
			isa = PBXTargetDependency;
			target = 6283FFA72BE4EDF500DA6626 /* TV_SVT_Radio */;
			targetProxy = 6283FFB92BE4EDF800DA6626 /* PBXContainerItemProxy */;
		};
		6283FFC42BE4EDF800DA6626 /* PBXTargetDependency */ = {
			isa = PBXTargetDependency;
			target = 6283FFA72BE4EDF500DA6626 /* TV_SVT_Radio */;
			targetProxy = 6283FFC32BE4EDF800DA6626 /* PBXContainerItemProxy */;
		};
/* End PBXTargetDependency section */

/* Begin XCBuildConfiguration section */
		6283FFCA2BE4EDF800DA6626 /* Debug */ = {
			isa = XCBuildConfiguration;
			buildSettings = {
				ALWAYS_SEARCH_USER_PATHS = NO;
				CLANG_ANALYZER_NONNULL = YES;
				CLANG_ANALYZER_NUMBER_OBJECT_CONVERSION = YES_AGGRESSIVE;
				CLANG_CXX_LANGUAGE_STANDARD = "gnu++20";
				CLANG_ENABLE_MODULES = YES;
				CLANG_ENABLE_OBJC_ARC = YES;
				CLANG_ENABLE_OBJC_WEAK = YES;
				CLANG_WARN_BLOCK_CAPTURE_AUTORELEASING = YES;
				CLANG_WARN_BOOL_CONVERSION = YES;
				CLANG_WARN_COMMA = YES;
				CLANG_WARN_CONSTANT_CONVERSION = YES;
				CLANG_WARN_DEPRECATED_OBJC_IMPLEMENTATIONS = YES;
				CLANG_WARN_DIRECT_OBJC_ISA_USAGE = YES_ERROR;
				CLANG_WARN_DOCUMENTATION_COMMENTS = YES;
				CLANG_WARN_EMPTY_BODY = YES;
				CLANG_WARN_ENUM_CONVERSION = YES;
				CLANG_WARN_INFINITE_RECURSION = YES;
				CLANG_WARN_INT_CONVERSION = YES;
				CLANG_WARN_NON_LITERAL_NULL_CONVERSION = YES;
				CLANG_WARN_OBJC_IMPLICIT_RETAIN_SELF = YES;
				CLANG_WARN_OBJC_LITERAL_CONVERSION = YES;
				CLANG_WARN_OBJC_ROOT_CLASS = YES_ERROR;
				CLANG_WARN_QUOTED_INCLUDE_IN_FRAMEWORK_HEADER = YES;
				CLANG_WARN_RANGE_LOOP_ANALYSIS = YES;
				CLANG_WARN_STRICT_PROTOTYPES = YES;
				CLANG_WARN_SUSPICIOUS_MOVE = YES;
				CLANG_WARN_UNGUARDED_AVAILABILITY = YES_AGGRESSIVE;
				CLANG_WARN_UNREACHABLE_CODE = YES;
				CLANG_WARN__DUPLICATE_METHOD_MATCH = YES;
				COPY_PHASE_STRIP = NO;
				DEBUG_INFORMATION_FORMAT = dwarf;
				ENABLE_STRICT_OBJC_MSGSEND = YES;
				ENABLE_TESTABILITY = YES;
				GCC_C_LANGUAGE_STANDARD = gnu11;
				GCC_DYNAMIC_NO_PIC = NO;
				GCC_NO_COMMON_BLOCKS = YES;
				GCC_OPTIMIZATION_LEVEL = 0;
				GCC_PREPROCESSOR_DEFINITIONS = (
					"DEBUG=1",
					"$(inherited)",
				);
				GCC_WARN_64_TO_32_BIT_CONVERSION = YES;
				GCC_WARN_ABOUT_RETURN_TYPE = YES_ERROR;
				GCC_WARN_UNDECLARED_SELECTOR = YES;
				GCC_WARN_UNINITIALIZED_AUTOS = YES_AGGRESSIVE;
				GCC_WARN_UNUSED_FUNCTION = YES;
				GCC_WARN_UNUSED_VARIABLE = YES;
				MTL_ENABLE_DEBUG_INFO = INCLUDE_SOURCE;
				MTL_FAST_MATH = YES;
				ONLY_ACTIVE_ARCH = YES;
				SDKROOT = appletvos;
				SWIFT_ACTIVE_COMPILATION_CONDITIONS = DEBUG;
				SWIFT_OPTIMIZATION_LEVEL = "-Onone";
				TVOS_DEPLOYMENT_TARGET = 26.0;
			};
			name = Debug;
		};
		6283FFCB2BE4EDF800DA6626 /* Release */ = {
			isa = XCBuildConfiguration;
			buildSettings = {
				ALWAYS_SEARCH_USER_PATHS = NO;
				CLANG_ANALYZER_NONNULL = YES;
				CLANG_ANALYZER_NUMBER_OBJECT_CONVERSION = YES_AGGRESSIVE;
				CLANG_CXX_LANGUAGE_STANDARD = "gnu++20";
				CLANG_ENABLE_MODULES = YES;
				CLANG_ENABLE_OBJC_ARC = YES;
				CLANG_ENABLE_OBJC_WEAK = YES;
				CLANG_WARN_BLOCK_CAPTURE_AUTORELEASING = YES;
				CLANG_WARN_BOOL_CONVERSION = YES;
				CLANG_WARN_COMMA = YES;
				CLANG_WARN_CONSTANT_CONVERSION = YES;
				CLANG_WARN_DEPRECATED_OBJC_IMPLEMENTATIONS = YES;
				CLANG_WARN_DIRECT_OBJC_ISA_USAGE = YES_ERROR;
				CLANG_WARN_DOCUMENTATION_COMMENTS = YES;
				CLANG_WARN_EMPTY_BODY = YES;
				CLANG_WARN_ENUM_CONVERSION = YES;
				CLANG_WARN_INFINITE_RECURSION = YES;
				CLANG_WARN_INT_CONVERSION = YES;
				CLANG_WARN_NON_LITERAL_NULL_CONVERSION = YES;
				CLANG_WARN_OBJC_IMPLICIT_RETAIN_SELF = YES;
				CLANG_WARN_OBJC_LITERAL_CONVERSION = YES;
				CLANG_WARN_OBJC_ROOT_CLASS = YES_ERROR;
				CLANG_WARN_QUOTED_INCLUDE_IN_FRAMEWORK_HEADER = YES;
				CLANG_WARN_RANGE_LOOP_ANALYSIS = YES;
				CLANG_WARN_STRICT_PROTOTYPES = YES;
				CLANG_WARN_SUSPICIOUS_MOVE = YES;
				CLANG_WARN_UNGUARDED_AVAILABILITY = YES_AGGRESSIVE;
				CLANG_WARN_UNREACHABLE_CODE = YES;
				CLANG_WARN__DUPLICATE_METHOD_MATCH = YES;
				COPY_PHASE_STRIP = NO;
				DEBUG_INFORMATION_FORMAT = "dwarf-with-dsym";
				ENABLE_NS_ASSERTIONS = NO;
				ENABLE_STRICT_OBJC_MSGSEND = YES;
				GCC_C_LANGUAGE_STANDARD = gnu11;
				GCC_NO_COMMON_BLOCKS = YES;
				GCC_WARN_64_TO_32_BIT_CONVERSION = YES;
				GCC_WARN_ABOUT_RETURN_TYPE = YES_ERROR;
				GCC_WARN_UNDECLARED_SELECTOR = YES;
				GCC_WARN_UNINITIALIZED_AUTOS = YES_AGGRESSIVE;
				GCC_WARN_UNUSED_FUNCTION = YES;
				GCC_WARN_UNUSED_VARIABLE = YES;
				MTL_ENABLE_DEBUG_INFO = NO;
				MTL_FAST_MATH = YES;
				SDKROOT = appletvos;
				SWIFT_COMPILATION_MODE = wholemodule;
				SWIFT_OPTIMIZATION_LEVEL = "-O";
				TVOS_DEPLOYMENT_TARGET = 26.0;
				VALIDATE_PRODUCT = YES;
			};
			name = Release;
		};
		6283FFCD2BE4EDF800DA6626 /* Debug */ = {
			isa = XCBuildConfiguration;
			buildSettings = {
				ASSETCATALOG_COMPILER_APPICON_NAME = "App Icon & Top Shelf Image";
				ASSETCATALOG_COMPILER_GLOBAL_ACCENT_COLOR_NAME = AccentColor;
				ASSETCATALOG_COMPILER_INCLUDE_ALL_APPICON_ASSETS = NO;
				CODE_SIGN_STYLE = Automatic;
				CURRENT_PROJECT_VERSION = 1;
				DEVELOPMENT_ASSET_PATHS = "";
				DEVELOPMENT_TEAM = DDWAVNG7Q4;
				ENABLE_PREVIEWS = YES;
				GENERATE_INFOPLIST_FILE = YES;
				INFOPLIST_FILE = "TV_SVT_Radio/Resources/TV-SVT-Radio-Info.plist";
				INFOPLIST_KEY_CFBundleDisplayName = "ST Radio TV";
				INFOPLIST_KEY_UILaunchScreen_Generation = YES;
				INFOPLIST_KEY_UIUserInterfaceStyle = Automatic;
				LD_RUNPATH_SEARCH_PATHS = (
					"$(inherited)",
					"@executable_path/Frameworks",
				);
				MARKETING_VERSION = 1.0;
				PRODUCT_BUNDLE_IDENTIFIER = "se.alvararias.TV-SVT-Radio";
				PRODUCT_NAME = "$(TARGET_NAME)";
				SWIFT_EMIT_LOC_STRINGS = YES;
				SWIFT_STRICT_CONCURRENCY = complete;
				SWIFT_VERSION = 6.0;
				TARGETED_DEVICE_FAMILY = 3;
			};
			name = Debug;
		};
		6283FFCE2BE4EDF800DA6626 /* Release */ = {
			isa = XCBuildConfiguration;
			buildSettings = {
				ASSETCATALOG_COMPILER_APPICON_NAME = "App Icon & Top Shelf Image";
				ASSETCATALOG_COMPILER_GLOBAL_ACCENT_COLOR_NAME = AccentColor;
				ASSETCATALOG_COMPILER_INCLUDE_ALL_APPICON_ASSETS = NO;
				CODE_SIGN_STYLE = Automatic;
				CURRENT_PROJECT_VERSION = 1;
				DEVELOPMENT_ASSET_PATHS = "";
				DEVELOPMENT_TEAM = DDWAVNG7Q4;
				ENABLE_PREVIEWS = YES;
				GENERATE_INFOPLIST_FILE = YES;
				INFOPLIST_FILE = "TV_SVT_Radio/Resources/TV-SVT-Radio-Info.plist";
				INFOPLIST_KEY_CFBundleDisplayName = "ST Radio TV";
				INFOPLIST_KEY_UILaunchScreen_Generation = YES;
				INFOPLIST_KEY_UIUserInterfaceStyle = Automatic;
				LD_RUNPATH_SEARCH_PATHS = (
					"$(inherited)",
					"@executable_path/Frameworks",
				);
				MARKETING_VERSION = 1.0;
				PRODUCT_BUNDLE_IDENTIFIER = "se.alvararias.TV-SVT-Radio";
				PRODUCT_NAME = "$(TARGET_NAME)";
				SWIFT_EMIT_LOC_STRINGS = YES;
				SWIFT_STRICT_CONCURRENCY = complete;
				SWIFT_VERSION = 6.0;
				TARGETED_DEVICE_FAMILY = 3;
			};
			name = Release;
		};
		6283FFD02BE4EDF800DA6626 /* Debug */ = {
			isa = XCBuildConfiguration;
			buildSettings = {
				ALWAYS_EMBED_SWIFT_STANDARD_LIBRARIES = YES;
				BUNDLE_LOADER = "$(TEST_HOST)";
				CODE_SIGN_STYLE = Automatic;
				CURRENT_PROJECT_VERSION = 1;
				DEVELOPMENT_TEAM = DDWAVNG7Q4;
				GENERATE_INFOPLIST_FILE = YES;
				MARKETING_VERSION = 1.0;
				PRODUCT_BUNDLE_IDENTIFIER = "se.alvararias.TV-SVT-RadioTests";
				PRODUCT_NAME = "$(TARGET_NAME)";
				SWIFT_EMIT_LOC_STRINGS = NO;
				SWIFT_VERSION = 6.0;
				TARGETED_DEVICE_FAMILY = 3;
				TEST_HOST = "$(BUILT_PRODUCTS_DIR)/TV_SVT_Radio.app/$(BUNDLE_EXECUTABLE_FOLDER_PATH)/TV_SVT_Radio";
				TVOS_DEPLOYMENT_TARGET = 26.0;
			};
			name = Debug;
		};
		6283FFD12BE4EDF800DA6626 /* Release */ = {
			isa = XCBuildConfiguration;
			buildSettings = {
				ALWAYS_EMBED_SWIFT_STANDARD_LIBRARIES = YES;
				BUNDLE_LOADER = "$(TEST_HOST)";
				CODE_SIGN_STYLE = Automatic;
				CURRENT_PROJECT_VERSION = 1;
				DEVELOPMENT_TEAM = DDWAVNG7Q4;
				GENERATE_INFOPLIST_FILE = YES;
				MARKETING_VERSION = 1.0;
				PRODUCT_BUNDLE_IDENTIFIER = "se.alvararias.TV-SVT-RadioTests";
				PRODUCT_NAME = "$(TARGET_NAME)";
				SWIFT_EMIT_LOC_STRINGS = NO;
				SWIFT_VERSION = 6.0;
				TARGETED_DEVICE_FAMILY = 3;
				TEST_HOST = "$(BUILT_PRODUCTS_DIR)/TV_SVT_Radio.app/$(BUNDLE_EXECUTABLE_FOLDER_PATH)/TV_SVT_Radio";
				TVOS_DEPLOYMENT_TARGET = 26.0;
			};
			name = Release;
		};
		6283FFD32BE4EDF800DA6626 /* Debug */ = {
			isa = XCBuildConfiguration;
			buildSettings = {
				ALWAYS_EMBED_SWIFT_STANDARD_LIBRARIES = YES;
				CODE_SIGN_STYLE = Automatic;
				CURRENT_PROJECT_VERSION = 1;
				DEVELOPMENT_TEAM = DDWAVNG7Q4;
				GENERATE_INFOPLIST_FILE = YES;
				MARKETING_VERSION = 1.0;
				PRODUCT_BUNDLE_IDENTIFIER = "se.alvararias.TV-SVT-RadioUITests";
				PRODUCT_NAME = "$(TARGET_NAME)";
				SWIFT_EMIT_LOC_STRINGS = NO;
				SWIFT_VERSION = 6.0;
				TARGETED_DEVICE_FAMILY = 3;
				TEST_TARGET_NAME = TV_SVT_Radio;
			};
			name = Debug;
		};
		6283FFD42BE4EDF800DA6626 /* Release */ = {
			isa = XCBuildConfiguration;
			buildSettings = {
				ALWAYS_EMBED_SWIFT_STANDARD_LIBRARIES = YES;
				CODE_SIGN_STYLE = Automatic;
				CURRENT_PROJECT_VERSION = 1;
				DEVELOPMENT_TEAM = DDWAVNG7Q4;
				GENERATE_INFOPLIST_FILE = YES;
				MARKETING_VERSION = 1.0;
				PRODUCT_BUNDLE_IDENTIFIER = "se.alvararias.TV-SVT-RadioUITests";
				PRODUCT_NAME = "$(TARGET_NAME)";
				SWIFT_EMIT_LOC_STRINGS = NO;
				SWIFT_VERSION = 6.0;
				TARGETED_DEVICE_FAMILY = 3;
				TEST_TARGET_NAME = TV_SVT_Radio;
			};
			name = Release;
		};
/* End XCBuildConfiguration section */

/* Begin XCConfigurationList section */
		6283FFA32BE4EDF500DA6626 /* Build configuration list for PBXProject "TV_SVT_Radio" */ = {
			isa = XCConfigurationList;
			buildConfigurations = (
				6283FFCA2BE4EDF800DA6626 /* Debug */,
				6283FFCB2BE4EDF800DA6626 /* Release */,
			);
			defaultConfigurationIsVisible = 0;
			defaultConfigurationName = Release;
		};
		6283FFCC2BE4EDF800DA6626 /* Build configuration list for PBXNativeTarget "TV_SVT_Radio" */ = {
			isa = XCConfigurationList;
			buildConfigurations = (
				6283FFCD2BE4EDF800DA6626 /* Debug */,
				6283FFCE2BE4EDF800DA6626 /* Release */,
			);
			defaultConfigurationIsVisible = 0;
			defaultConfigurationName = Release;
		};
		6283FFCF2BE4EDF800DA6626 /* Build configuration list for PBXNativeTarget "TV_SVT_RadioTests" */ = {
			isa = XCConfigurationList;
			buildConfigurations = (
				6283FFD02BE4EDF800DA6626 /* Debug */,
				6283FFD12BE4EDF800DA6626 /* Release */,
			);
			defaultConfigurationIsVisible = 0;
			defaultConfigurationName = Release;
		};
		6283FFD22BE4EDF800DA6626 /* Build configuration list for PBXNativeTarget "TV_SVT_RadioUITests" */ = {
			isa = XCConfigurationList;
			buildConfigurations = (
				6283FFD32BE4EDF800DA6626 /* Debug */,
				6283FFD42BE4EDF800DA6626 /* Release */,
			);
			defaultConfigurationIsVisible = 0;
			defaultConfigurationName = Release;
		};
/* End XCConfigurationList section */

/* Begin XCRemoteSwiftPackageReference section */
		621124E42BEE3B1800E0FC9E /* XCRemoteSwiftPackageReference "lottie-spm" */ = {
			isa = XCRemoteSwiftPackageReference;
			repositoryURL = "https://github.com/airbnb/lottie-spm.git";
			requirement = {
				kind = upToNextMajorVersion;
				minimumVersion = 4.4.3;
			};
		};
		6283FFDC2BE4F05800DA6626 /* XCRemoteSwiftPackageReference "swiftui-cached-async-image" */ = {
			isa = XCRemoteSwiftPackageReference;
			repositoryURL = "https://github.com/lorenzofiamingo/swiftui-cached-async-image";
			requirement = {
				kind = upToNextMajorVersion;
				minimumVersion = 2.0.0;
			};
		};
/* End XCRemoteSwiftPackageReference section */

/* Begin XCSwiftPackageProductDependency section */
		629FBCC22E6A194B00D26A56 /* Lottie */ = {
			isa = XCSwiftPackageProductDependency;
			package = 621124E42BEE3B1800E0FC9E /* XCRemoteSwiftPackageReference "lottie-spm" */;
			productName = Lottie;
		};
		629FBCC42E6A196C00D26A56 /* CachedAsyncImage */ = {
			isa = XCSwiftPackageProductDependency;
			package = 6283FFDC2BE4F05800DA6626 /* XCRemoteSwiftPackageReference "swiftui-cached-async-image" */;
			productName = CachedAsyncImage;
		};
		629FBCC62E6A199000D26A56 /* CachedAsyncImage */ = {
			isa = XCSwiftPackageProductDependency;
			package = 6283FFDC2BE4F05800DA6626 /* XCRemoteSwiftPackageReference "swiftui-cached-async-image" */;
			productName = CachedAsyncImage;
		};
		629FBCC82E6A19A600D26A56 /* Lottie */ = {
			isa = XCSwiftPackageProductDependency;
			package = 621124E42BEE3B1800E0FC9E /* XCRemoteSwiftPackageReference "lottie-spm" */;
			productName = Lottie;
		};
		629FBCCA2E6A19F600D26A56 /* Lottie */ = {
			isa = XCSwiftPackageProductDependency;
			package = 621124E42BEE3B1800E0FC9E /* XCRemoteSwiftPackageReference "lottie-spm" */;
			productName = Lottie;
		};
		629FBCCC2E6A1A1400D26A56 /* CachedAsyncImage */ = {
			isa = XCSwiftPackageProductDependency;
			package = 6283FFDC2BE4F05800DA6626 /* XCRemoteSwiftPackageReference "swiftui-cached-async-image" */;
			productName = CachedAsyncImage;
		};
/* End XCSwiftPackageProductDependency section */
	};
	rootObject = 6283FFA02BE4EDF500DA6626 /* Project object */;
}
